
Microsoft Visual Studio Solution File, Format Version 12.00
# Visual Studio Version 17
VisualStudioVersion = 17.8.34601.278
MinimumVisualStudioVersion = 10.0.40219.1
Project("{FAE04EC0-301F-11D3-BF4B-00C04F79EFBC}") = "EPR.Accreditation.API", "EPR.Accreditation.API\EPR.Accreditation.API.csproj", "{B1D21233-6DDE-49B9-9F48-9531140D570D}"
EndProject
Global
	GlobalSection(SolutionConfigurationPlatforms) = preSolution
		Debug|Any CPU = Debug|Any CPU
		Release|Any CPU = Release|Any CPU
	EndGlobalSection
	GlobalSection(ProjectConfigurationPlatforms) = postSolution
		{B1D21233-6DDE-49B9-9F48-9531140D570D}.Debug|Any CPU.ActiveCfg = Debug|Any CPU
		{B1D21233-6DDE-49B9-9F48-9531140D570D}.Debug|Any CPU.Build.0 = Debug|Any CPU
		{B1D21233-6DDE-49B9-9F48-9531140D570D}.Release|Any CPU.ActiveCfg = Release|Any CPU
		{B1D21233-6DDE-49B9-9F48-9531140D570D}.Release|Any CPU.Build.0 = Release|Any CPU
	EndGlobalSection
	GlobalSection(SolutionProperties) = preSolution
		HideSolutionNode = FALSE
	EndGlobalSection
	GlobalSection(ExtensibilityGlobals) = postSolution
		SolutionGuid = {2D3E9A72-13DD-43BD-A5E1-245CD27F13D7}
	EndGlobalSection
EndGlobal
